// !$*UTF8*$!
{
	archiveVersion = 1;
	classes = {
	};
	objectVersion = 46;
	objects = {

/* Begin PBXBuildFile section */
		1AC5C5F21EC707F70014EF2B /* main.m in Sources */ = {isa = PBXBuildFile; fileRef = 1AC5C5F11EC707F70014EF2B /* main.m */; };
		1AC5C5F51EC707F70014EF2B /* AppDelegate.m in Sources */ = {isa = PBXBuildFile; fileRef = 1AC5C5F41EC707F70014EF2B /* AppDelegate.m */; };
		1AC5C5F81EC707F70014EF2B /* ViewController.m in Sources */ = {isa = PBXBuildFile; fileRef = 1AC5C5F71EC707F70014EF2B /* ViewController.m */; };
		1AC5C5FB1EC707F70014EF2B /* Main.storyboard in Resources */ = {isa = PBXBuildFile; fileRef = 1AC5C5F91EC707F70014EF2B /* Main.storyboard */; };
		1AC5C5FD1EC707F70014EF2B /* Assets.xcassets in Resources */ = {isa = PBXBuildFile; fileRef = 1AC5C5FC1EC707F70014EF2B /* Assets.xcassets */; };
		1AC5C6001EC707F70014EF2B /* LaunchScreen.storyboard in Resources */ = {isa = PBXBuildFile; fileRef = 1AC5C5FE1EC707F70014EF2B /* LaunchScreen.storyboard */; };
		1AC5C60B1EC707F70014EF2B /* YeDexiongTests.m in Sources */ = {isa = PBXBuildFile; fileRef = 1AC5C60A1EC707F70014EF2B /* YeDexiongTests.m */; };
		1AC5C6161EC707F70014EF2B /* YeDexiongUITests.m in Sources */ = {isa = PBXBuildFile; fileRef = 1AC5C6151EC707F70014EF2B /* YeDexiongUITests.m */; };
/* End PBXBuildFile section */

/* Begin PBXContainerItemProxy section */
		1AC5C6071EC707F70014EF2B /* PBXContainerItemProxy */ = {
			isa = PBXContainerItemProxy;
			containerPortal = 1AC5C5E51EC707F60014EF2B /* Project object */;
			proxyType = 1;
			remoteGlobalIDString = 1AC5C5EC1EC707F60014EF2B;
			remoteInfo = YeDexiong;
		};
		1AC5C6121EC707F70014EF2B /* PBXContainerItemProxy */ = {
			isa = PBXContainerItemProxy;
			containerPortal = 1AC5C5E51EC707F60014EF2B /* Project object */;
			proxyType = 1;
			remoteGlobalIDString = 1AC5C5EC1EC707F60014EF2B;
			remoteInfo = YeDexiong;
		};
/* End PBXContainerItemProxy section */

/* Begin PBXFileReference section */
		1AC5C5ED1EC707F70014EF2B /* YeDexiong.app */ = {isa = PBXFileReference; explicitFileType = wrapper.application; includeInIndex = 0; path = YeDexiong.app; sourceTree = BUILT_PRODUCTS_DIR; };
		1AC5C5F11EC707F70014EF2B /* main.m */ = {isa = PBXFileReference; lastKnownFileType = sourcecode.c.objc; path = main.m; sourceTree = "<group>"; };
		1AC5C5F31EC707F70014EF2B /* AppDelegate.h */ = {isa = PBXFileReference; lastKnownFileType = sourcecode.c.h; path = AppDelegate.h; sourceTree = "<group>"; };
		1AC5C5F41EC707F70014EF2B /* AppDelegate.m */ = {isa = PBXFileReference; lastKnownFileType = sourcecode.c.objc; path = AppDelegate.m; sourceTree = "<group>"; };
		1AC5C5F61EC707F70014EF2B /* ViewController.h */ = {isa = PBXFileReference; lastKnownFileType = sourcecode.c.h; path = ViewController.h; sourceTree = "<group>"; };
		1AC5C5F71EC707F70014EF2B /* ViewController.m */ = {isa = PBXFileReference; lastKnownFileType = sourcecode.c.objc; path = ViewController.m; sourceTree = "<group>"; };
		1AC5C5FA1EC707F70014EF2B /* Base */ = {isa = PBXFileReference; lastKnownFileType = file.storyboard; name = Base; path = Base.lproj/Main.storyboard; sourceTree = "<group>"; };
		1AC5C5FC1EC707F70014EF2B /* Assets.xcassets */ = {isa = PBXFileReference; lastKnownFileType = folder.assetcatalog; path = Assets.xcassets; sourceTree = "<group>"; };
		1AC5C5FF1EC707F70014EF2B /* Base */ = {isa = PBXFileReference; lastKnownFileType = file.storyboard; name = Base; path = Base.lproj/LaunchScreen.storyboard; sourceTree = "<group>"; };
		1AC5C6011EC707F70014EF2B /* Info.plist */ = {isa = PBXFileReference; lastKnownFileType = text.plist.xml; path = Info.plist; sourceTree = "<group>"; };
		1AC5C6061EC707F70014EF2B /* YeDexiongTests.xctest */ = {isa = PBXFileReference; explicitFileType = wrapper.cfbundle; includeInIndex = 0; path = YeDexiongTests.xctest; sourceTree = BUILT_PRODUCTS_DIR; };
		1AC5C60A1EC707F70014EF2B /* YeDexiongTests.m */ = {isa = PBXFileReference; lastKnownFileType = sourcecode.c.objc; path = YeDexiongTests.m; sourceTree = "<group>"; };
		1AC5C60C1EC707F70014EF2B /* Info.plist */ = {isa = PBXFileReference; lastKnownFileType = text.plist.xml; path = Info.plist; sourceTree = "<group>"; };
		1AC5C6111EC707F70014EF2B /* YeDexiongUITests.xctest */ = {isa = PBXFileReference; explicitFileType = wrapper.cfbundle; includeInIndex = 0; path = YeDexiongUITests.xctest; sourceTree = BUILT_PRODUCTS_DIR; };
		1AC5C6151EC707F70014EF2B /* YeDexiongUITests.m */ = {isa = PBXFileReference; lastKnownFileType = sourcecode.c.objc; path = YeDexiongUITests.m; sourceTree = "<group>"; };
		1AC5C6171EC707F70014EF2B /* Info.plist */ = {isa = PBXFileReference; lastKnownFileType = text.plist.xml; path = Info.plist; sourceTree = "<group>"; };
/* End PBXFileReference section */

/* Begin PBXFrameworksBuildPhase section */
		1AC5C5EA1EC707F60014EF2B /* Frameworks */ = {
			isa = PBXFrameworksBuildPhase;
			buildActionMask = 2147483647;
			files = (
			);
			runOnlyForDeploymentPostprocessing = 0;
		};
		1AC5C6031EC707F70014EF2B /* Frameworks */ = {
			isa = PBXFrameworksBuildPhase;
			buildActionMask = 2147483647;
			files = (
			);
			runOnlyForDeploymentPostprocessing = 0;
		};
		1AC5C60E1EC707F70014EF2B /* Frameworks */ = {
			isa = PBXFrameworksBuildPhase;
			buildActionMask = 2147483647;
			files = (
			);
			runOnlyForDeploymentPostprocessing = 0;
		};
/* End PBXFrameworksBuildPhase section */

/* Begin PBXGroup section */
		1AC5C5E41EC707F60014EF2B = {
			isa = PBXGroup;
			children = (
				1AC5C5EF1EC707F70014EF2B /* YeDexiong */,
				1AC5C6091EC707F70014EF2B /* YeDexiongTests */,
				1AC5C6141EC707F70014EF2B /* YeDexiongUITests */,
				1AC5C5EE1EC707F70014EF2B /* Products */,
			);
			sourceTree = "<group>";
		};
		1AC5C5EE1EC707F70014EF2B /* Products */ = {
			isa = PBXGroup;
			children = (
				1AC5C5ED1EC707F70014EF2B /* YeDexiong.app */,
				1AC5C6061EC707F70014EF2B /* YeDexiongTests.xctest */,
				1AC5C6111EC707F70014EF2B /* YeDexiongUITests.xctest */,
			);
			name = Products;
			sourceTree = "<group>";
		};
		1AC5C5EF1EC707F70014EF2B /* YeDexiong */ = {
			isa = PBXGroup;
			children = (
				1AC5C5F31EC707F70014EF2B /* AppDelegate.h */,
				1AC5C5F41EC707F70014EF2B /* AppDelegate.m */,
				1AC5C5F61EC707F70014EF2B /* ViewController.h */,
				1AC5C5F71EC707F70014EF2B /* ViewController.m */,
				1AC5C5F91EC707F70014EF2B /* Main.storyboard */,
				1AC5C5FC1EC707F70014EF2B /* Assets.xcassets */,
				1AC5C5FE1EC707F70014EF2B /* LaunchScreen.storyboard */,
				1AC5C6011EC707F70014EF2B /* Info.plist */,
				1AC5C5F01EC707F70014EF2B /* Supporting Files */,
			);
			path = YeDexiong;
			sourceTree = "<group>";
		};
		1AC5C5F01EC707F70014EF2B /* Supporting Files */ = {
			isa = PBXGroup;
			children = (
				1AC5C5F11EC707F70014EF2B /* main.m */,
			);
			name = "Supporting Files";
			sourceTree = "<group>";
		};
		1AC5C6091EC707F70014EF2B /* YeDexiongTests */ = {
			isa = PBXGroup;
			children = (
				1AC5C60A1EC707F70014EF2B /* YeDexiongTests.m */,
				1AC5C60C1EC707F70014EF2B /* Info.plist */,
			);
			path = YeDexiongTests;
			sourceTree = "<group>";
		};
		1AC5C6141EC707F70014EF2B /* YeDexiongUITests */ = {
			isa = PBXGroup;
			children = (
				1AC5C6151EC707F70014EF2B /* YeDexiongUITests.m */,
				1AC5C6171EC707F70014EF2B /* Info.plist */,
			);
			path = YeDexiongUITests;
			sourceTree = "<group>";
		};
/* End PBXGroup section */

/* Begin PBXNativeTarget section */
		1AC5C5EC1EC707F60014EF2B /* YeDexiong */ = {
			isa = PBXNativeTarget;
			buildConfigurationList = 1AC5C61A1EC707F70014EF2B /* Build configuration list for PBXNativeTarget "YeDexiong" */;
			buildPhases = (
				1AC5C5E91EC707F60014EF2B /* Sources */,
				1AC5C5EA1EC707F60014EF2B /* Frameworks */,
				1AC5C5EB1EC707F60014EF2B /* Resources */,
			);
			buildRules = (
			);
			dependencies = (
			);
			name = YeDexiong;
			productName = YeDexiong;
			productReference = 1AC5C5ED1EC707F70014EF2B /* YeDexiong.app */;
			productType = "com.apple.product-type.application";
		};
		1AC5C6051EC707F70014EF2B /* YeDexiongTests */ = {
			isa = PBXNativeTarget;
			buildConfigurationList = 1AC5C61D1EC707F70014EF2B /* Build configuration list for PBXNativeTarget "YeDexiongTests" */;
			buildPhases = (
				1AC5C6021EC707F70014EF2B /* Sources */,
				1AC5C6031EC707F70014EF2B /* Frameworks */,
				1AC5C6041EC707F70014EF2B /* Resources */,
			);
			buildRules = (
			);
			dependencies = (
				1AC5C6081EC707F70014EF2B /* PBXTargetDependency */,
			);
			name = YeDexiongTests;
			productName = YeDexiongTests;
			productReference = 1AC5C6061EC707F70014EF2B /* YeDexiongTests.xctest */;
			productType = "com.apple.product-type.bundle.unit-test";
		};
		1AC5C6101EC707F70014EF2B /* YeDexiongUITests */ = {
			isa = PBXNativeTarget;
			buildConfigurationList = 1AC5C6201EC707F70014EF2B /* Build configuration list for PBXNativeTarget "YeDexiongUITests" */;
			buildPhases = (
				1AC5C60D1EC707F70014EF2B /* Sources */,
				1AC5C60E1EC707F70014EF2B /* Frameworks */,
				1AC5C60F1EC707F70014EF2B /* Resources */,
			);
			buildRules = (
			);
			dependencies = (
				1AC5C6131EC707F70014EF2B /* PBXTargetDependency */,
			);
			name = YeDexiongUITests;
			productName = YeDexiongUITests;
			productReference = 1AC5C6111EC707F70014EF2B /* YeDexiongUITests.xctest */;
			productType = "com.apple.product-type.bundle.ui-testing";
		};
/* End PBXNativeTarget section */

/* Begin PBXProject section */
		1AC5C5E51EC707F60014EF2B /* Project object */ = {
			isa = PBXProject;
			attributes = {
				LastUpgradeCheck = 0830;
				ORGANIZATIONNAME = yoke121;
				TargetAttributes = {
					1AC5C5EC1EC707F60014EF2B = {
						CreatedOnToolsVersion = 8.3;
						ProvisioningStyle = Automatic;
					};
					1AC5C6051EC707F70014EF2B = {
						CreatedOnToolsVersion = 8.3;
						ProvisioningStyle = Automatic;
						TestTargetID = 1AC5C5EC1EC707F60014EF2B;
					};
					1AC5C6101EC707F70014EF2B = {
						CreatedOnToolsVersion = 8.3;
						ProvisioningStyle = Automatic;
						TestTargetID = 1AC5C5EC1EC707F60014EF2B;
					};
				};
			};
			buildConfigurationList = 1AC5C5E81EC707F60014EF2B /* Build configuration list for PBXProject "YeDexiong" */;
			compatibilityVersion = "Xcode 3.2";
			developmentRegion = English;
			hasScannedForEncodings = 0;
			knownRegions = (
				en,
				Base,
			);
			mainGroup = 1AC5C5E41EC707F60014EF2B;
			productRefGroup = 1AC5C5EE1EC707F70014EF2B /* Products */;
			projectDirPath = "";
			projectRoot = "";
			targets = (
				1AC5C5EC1EC707F60014EF2B /* YeDexiong */,
				1AC5C6051EC707F70014EF2B /* YeDexiongTests */,
				1AC5C6101EC707F70014EF2B /* YeDexiongUITests */,
			);
		};
/* End PBXProject section */

/* Begin PBXResourcesBuildPhase section */
		1AC5C5EB1EC707F60014EF2B /* Resources */ = {
			isa = PBXResourcesBuildPhase;
			buildActionMask = 2147483647;
			files = (
				1AC5C6001EC707F70014EF2B /* LaunchScreen.storyboard in Resources */,
				1AC5C5FD1EC707F70014EF2B /* Assets.xcassets in Resources */,
				1AC5C5FB1EC707F70014EF2B /* Main.storyboard in Resources */,
			);
			runOnlyForDeploymentPostprocessing = 0;
		};
		1AC5C6041EC707F70014EF2B /* Resources */ = {
			isa = PBXResourcesBuildPhase;
			buildActionMask = 2147483647;
			files = (
			);
			runOnlyForDeploymentPostprocessing = 0;
		};
		1AC5C60F1EC707F70014EF2B /* Resources */ = {
			isa = PBXResourcesBuildPhase;
			buildActionMask = 2147483647;
			files = (
			);
			runOnlyForDeploymentPostprocessing = 0;
		};
/* End PBXResourcesBuildPhase section */

/* Begin PBXSourcesBuildPhase section */
		1AC5C5E91EC707F60014EF2B /* Sources */ = {
			isa = PBXSourcesBuildPhase;
			buildActionMask = 2147483647;
			files = (
				1AC5C5F81EC707F70014EF2B /* ViewController.m in Sources */,
				1AC5C5F51EC707F70014EF2B /* AppDelegate.m in Sources */,
				1AC5C5F21EC707F70014EF2B /* main.m in Sources */,
			);
			runOnlyForDeploymentPostprocessing = 0;
		};
		1AC5C6021EC707F70014EF2B /* Sources */ = {
			isa = PBXSourcesBuildPhase;
			buildActionMask = 2147483647;
			files = (
				1AC5C60B1EC707F70014EF2B /* YeDexiongTests.m in Sources */,
			);
			runOnlyForDeploymentPostprocessing = 0;
		};
		1AC5C60D1EC707F70014EF2B /* Sources */ = {
			isa = PBXSourcesBuildPhase;
			buildActionMask = 2147483647;
			files = (
				1AC5C6161EC707F70014EF2B /* YeDexiongUITests.m in Sources */,
			);
			runOnlyForDeploymentPostprocessing = 0;
		};
/* End PBXSourcesBuildPhase section */

/* Begin PBXTargetDependency section */
		1AC5C6081EC707F70014EF2B /* PBXTargetDependency */ = {
			isa = PBXTargetDependency;
			target = 1AC5C5EC1EC707F60014EF2B /* YeDexiong */;
			targetProxy = 1AC5C6071EC707F70014EF2B /* PBXContainerItemProxy */;
		};
		1AC5C6131EC707F70014EF2B /* PBXTargetDependency */ = {
			isa = PBXTargetDependency;
			target = 1AC5C5EC1EC707F60014EF2B /* YeDexiong */;
			targetProxy = 1AC5C6121EC707F70014EF2B /* PBXContainerItemProxy */;
		};
/* End PBXTargetDependency section */

/* Begin PBXVariantGroup section */
		1AC5C5F91EC707F70014EF2B /* Main.storyboard */ = {
			isa = PBXVariantGroup;
			children = (
				1AC5C5FA1EC707F70014EF2B /* Base */,
			);
			name = Main.storyboard;
			sourceTree = "<group>";
		};
		1AC5C5FE1EC707F70014EF2B /* LaunchScreen.storyboard */ = {
			isa = PBXVariantGroup;
			children = (
				1AC5C5FF1EC707F70014EF2B /* Base */,
			);
			name = LaunchScreen.storyboard;
			sourceTree = "<group>";
		};
/* End PBXVariantGroup section */

/* Begin XCBuildConfiguration section */
		1AC5C6181EC707F70014EF2B /* Debug */ = {
			isa = XCBuildConfiguration;
			buildSettings = {
				ALWAYS_SEARCH_USER_PATHS = NO;
				CLANG_ANALYZER_NONNULL = YES;
				CLANG_ANALYZER_NUMBER_OBJECT_CONVERSION = YES_AGGRESSIVE;
				CLANG_CXX_LANGUAGE_STANDARD = "gnu++0x";
				CLANG_CXX_LIBRARY = "libc++";
				CLANG_ENABLE_MODULES = YES;
				CLANG_ENABLE_OBJC_ARC = YES;
				CLANG_WARN_BOOL_CONVERSION = YES;
				CLANG_WARN_CONSTANT_CONVERSION = YES;
				CLANG_WARN_DIRECT_OBJC_ISA_USAGE = YES_ERROR;
				CLANG_WARN_DOCUMENTATION_COMMENTS = YES;
				CLANG_WARN_EMPTY_BODY = YES;
				CLANG_WARN_ENUM_CONVERSION = YES;
				CLANG_WARN_INFINITE_RECURSION = YES;
				CLANG_WARN_INT_CONVERSION = YES;
				CLANG_WARN_OBJC_ROOT_CLASS = YES_ERROR;
				CLANG_WARN_SUSPICIOUS_MOVE = YES;
				CLANG_WARN_UNREACHABLE_CODE = YES;
				CLANG_WARN__DUPLICATE_METHOD_MATCH = YES;
				"CODE_SIGN_IDENTITY[sdk=iphoneos*]" = "iPhone Developer";
				COPY_PHASE_STRIP = NO;
				DEBUG_INFORMATION_FORMAT = dwarf;
				ENABLE_STRICT_OBJC_MSGSEND = YES;
				ENABLE_TESTABILITY = YES;
				GCC_C_LANGUAGE_STANDARD = gnu99;
				GCC_DYNAMIC_NO_PIC = NO;
				GCC_NO_COMMON_BLOCKS = YES;
				GCC_OPTIMIZATION_LEVEL = 0;
				GCC_PREPROCESSOR_DEFINITIONS = (
					"DEBUG=1",
					"$(inherited)",
				);
				GCC_WARN_64_TO_32_BIT_CONVERSION = YES;
				GCC_WARN_ABOUT_RETURN_TYPE = YES_ERROR;
				GCC_WARN_UNDECLARED_SELECTOR = YES;
				GCC_WARN_UNINITIALIZED_AUTOS = YES_AGGRESSIVE;
				GCC_WARN_UNUSED_FUNCTION = YES;
				GCC_WARN_UNUSED_VARIABLE = YES;
				IPHONEOS_DEPLOYMENT_TARGET = 10.3;
				MTL_ENABLE_DEBUG_INFO = YES;
				ONLY_ACTIVE_ARCH = YES;
				SDKROOT = iphoneos;
			};
			name = Debug;
		};
		1AC5C6191EC707F70014EF2B /* Release */ = {
			isa = XCBuildConfiguration;
			buildSettings = {
				ALWAYS_SEARCH_USER_PATHS = NO;
				CLANG_ANALYZER_NONNULL = YES;
				CLANG_ANALYZER_NUMBER_OBJECT_CONVERSION = YES_AGGRESSIVE;
				CLANG_CXX_LANGUAGE_STANDARD = "gnu++0x";
				CLANG_CXX_LIBRARY = "libc++";
				CLANG_ENABLE_MODULES = YES;
				CLANG_ENABLE_OBJC_ARC = YES;
				CLANG_WARN_BOOL_CONVERSION = YES;
				CLANG_WARN_CONSTANT_CONVERSION = YES;
				CLANG_WARN_DIRECT_OBJC_ISA_USAGE = YES_ERROR;
				CLANG_WARN_DOCUMENTATION_COMMENTS = YES;
				CLANG_WARN_EMPTY_BODY = YES;
				CLANG_WARN_ENUM_CONVERSION = YES;
				CLANG_WARN_INFINITE_RECURSION = YES;
				CLANG_WARN_INT_CONVERSION = YES;
				CLANG_WARN_OBJC_ROOT_CLASS = YES_ERROR;
				CLANG_WARN_SUSPICIOUS_MOVE = YES;
				CLANG_WARN_UNREACHABLE_CODE = YES;
				CLANG_WARN__DUPLICATE_METHOD_MATCH = YES;
				"CODE_SIGN_IDENTITY[sdk=iphoneos*]" = "iPhone Developer";
				COPY_PHASE_STRIP = NO;
				DEBUG_INFORMATION_FORMAT = "dwarf-with-dsym";
				ENABLE_NS_ASSERTIONS = NO;
				ENABLE_STRICT_OBJC_MSGSEND = YES;
				GCC_C_LANGUAGE_STANDARD = gnu99;
				GCC_NO_COMMON_BLOCKS = YES;
				GCC_WARN_64_TO_32_BIT_CONVERSION = YES;
				GCC_WARN_ABOUT_RETURN_TYPE = YES_ERROR;
				GCC_WARN_UNDECLARED_SELECTOR = YES;
				GCC_WARN_UNINITIALIZED_AUTOS = YES_AGGRESSIVE;
				GCC_WARN_UNUSED_FUNCTION = YES;
				GCC_WARN_UNUSED_VARIABLE = YES;
				IPHONEOS_DEPLOYMENT_TARGET = 10.3;
				MTL_ENABLE_DEBUG_INFO = NO;
				SDKROOT = iphoneos;
				VALIDATE_PRODUCT = YES;
			};
			name = Release;
		};
		1AC5C61B1EC707F70014EF2B /* Debug */ = {
			isa = XCBuildConfiguration;
			buildSettings = {
				ASSETCATALOG_COMPILER_APPICON_NAME = AppIcon;
				INFOPLIST_FILE = YeDexiong/Info.plist;
				LD_RUNPATH_SEARCH_PATHS = "$(inherited) @executable_path/Frameworks";
				PRODUCT_BUNDLE_IDENTIFIER = com.YeDexiong;
				PRODUCT_NAME = "$(TARGET_NAME)";
			};
			name = Debug;
		};
		1AC5C61C1EC707F70014EF2B /* Release */ = {
			isa = XCBuildConfiguration;
			buildSettings = {
				ASSETCATALOG_COMPILER_APPICON_NAME = AppIcon;
				INFOPLIST_FILE = YeDexiong/Info.plist;
				LD_RUNPATH_SEARCH_PATHS = "$(inherited) @executable_path/Frameworks";
				PRODUCT_BUNDLE_IDENTIFIER = com.YeDexiong;
				PRODUCT_NAME = "$(TARGET_NAME)";
			};
			name = Release;
		};
		1AC5C61E1EC707F70014EF2B /* Debug */ = {
			isa = XCBuildConfiguration;
			buildSettings = {
				BUNDLE_LOADER = "$(TEST_HOST)";
				INFOPLIST_FILE = YeDexiongTests/Info.plist;
				LD_RUNPATH_SEARCH_PATHS = "$(inherited) @executable_path/Frameworks @loader_path/Frameworks";
				PRODUCT_BUNDLE_IDENTIFIER = com.YeDexiongTests;
				PRODUCT_NAME = "$(TARGET_NAME)";
				TEST_HOST = "$(BUILT_PRODUCTS_DIR)/YeDexiong.app/YeDexiong";
			};
			name = Debug;
		};
		1AC5C61F1EC707F70014EF2B /* Release */ = {
			isa = XCBuildConfiguration;
			buildSettings = {
				BUNDLE_LOADER = "$(TEST_HOST)";
				INFOPLIST_FILE = YeDexiongTests/Info.plist;
				LD_RUNPATH_SEARCH_PATHS = "$(inherited) @executable_path/Frameworks @loader_path/Frameworks";
				PRODUCT_BUNDLE_IDENTIFIER = com.YeDexiongTests;
				PRODUCT_NAME = "$(TARGET_NAME)";
				TEST_HOST = "$(BUILT_PRODUCTS_DIR)/YeDexiong.app/YeDexiong";
			};
			name = Release;
		};
		1AC5C6211EC707F70014EF2B /* Debug */ = {
			isa = XCBuildConfiguration;
			buildSettings = {
				INFOPLIST_FILE = YeDexiongUITests/Info.plist;
				LD_RUNPATH_SEARCH_PATHS = "$(inherited) @executable_path/Frameworks @loader_path/Frameworks";
				PRODUCT_BUNDLE_IDENTIFIER = com.YeDexiongUITests;
				PRODUCT_NAME = "$(TARGET_NAME)";
				TEST_TARGET_NAME = YeDexiong;
			};
			name = Debug;
		};
		1AC5C6221EC707F70014EF2B /* Release */ = {
			isa = XCBuildConfiguration;
			buildSettings = {
				INFOPLIST_FILE = YeDexiongUITests/Info.plist;
				LD_RUNPATH_SEARCH_PATHS = "$(inherited) @executable_path/Frameworks @loader_path/Frameworks";
				PRODUCT_BUNDLE_IDENTIFIER = com.YeDexiongUITests;
				PRODUCT_NAME = "$(TARGET_NAME)";
				TEST_TARGET_NAME = YeDexiong;
			};
			name = Release;
		};
/* End XCBuildConfiguration section */

/* Begin XCConfigurationList section */
		1AC5C5E81EC707F60014EF2B /* Build configuration list for PBXProject "YeDexiong" */ = {
			isa = XCConfigurationList;
			buildConfigurations = (
				1AC5C6181EC707F70014EF2B /* Debug */,
				1AC5C6191EC707F70014EF2B /* Release */,
			);
			defaultConfigurationIsVisible = 0;
			defaultConfigurationName = Release;
		};
		1AC5C61A1EC707F70014EF2B /* Build configuration list for PBXNativeTarget "YeDexiong" */ = {
			isa = XCConfigurationList;
			buildConfigurations = (
				1AC5C61B1EC707F70014EF2B /* Debug */,
				1AC5C61C1EC707F70014EF2B /* Release */,
			);
			defaultConfigurationIsVisible = 0;
		};
		1AC5C61D1EC707F70014EF2B /* Build configuration list for PBXNativeTarget "YeDexiongTests" */ = {
			isa = XCConfigurationList;
			buildConfigurations = (
				1AC5C61E1EC707F70014EF2B /* Debug */,
				1AC5C61F1EC707F70014EF2B /* Release */,
			);
			defaultConfigurationIsVisible = 0;
		};
		1AC5C6201EC707F70014EF2B /* Build configuration list for PBXNativeTarget "YeDexiongUITests" */ = {
			isa = XCConfigurationList;
			buildConfigurations = (
				1AC5C6211EC707F70014EF2B /* Debug */,
				1AC5C6221EC707F70014EF2B /* Release */,
			);
			defaultConfigurationIsVisible = 0;
		};
/* End XCConfigurationList section */
	};
	rootObject = 1AC5C5E51EC707F60014EF2B /* Project object */;
}
